// !$*UTF8*$!
{
	archiveVersion = 1;
	classes = {
	};
	objectVersion = 51;
	objects = {

/* Begin PBXBuildFile section */
		37124B8026FD89AA00210341 /* GlobalFunctions.swift in Sources */ = {isa = PBXBuildFile; fileRef = 37124B7F26FD89AA00210341 /* GlobalFunctions.swift */; };
		37124B8226FD939D00210341 /* HomeController.swift in Sources */ = {isa = PBXBuildFile; fileRef = 37124B8126FD939D00210341 /* HomeController.swift */; };
		371A2F3F26E9C434009C16A0 /* AppDelegate.swift in Sources */ = {isa = PBXBuildFile; fileRef = 371A2F3E26E9C434009C16A0 /* AppDelegate.swift */; };
		371A2F4126E9C434009C16A0 /* SceneDelegate.swift in Sources */ = {isa = PBXBuildFile; fileRef = 371A2F4026E9C434009C16A0 /* SceneDelegate.swift */; };
		371A2F4626E9C434009C16A0 /* Main.storyboard in Resources */ = {isa = PBXBuildFile; fileRef = 371A2F4426E9C434009C16A0 /* Main.storyboard */; };
		371A2F4826E9C439009C16A0 /* Assets.xcassets in Resources */ = {isa = PBXBuildFile; fileRef = 371A2F4726E9C439009C16A0 /* Assets.xcassets */; };
		371A2F4B26E9C439009C16A0 /* LaunchScreen.storyboard in Resources */ = {isa = PBXBuildFile; fileRef = 371A2F4926E9C439009C16A0 /* LaunchScreen.storyboard */; };
		371A2F5926E9C6DC009C16A0 /* LoginController.swift in Sources */ = {isa = PBXBuildFile; fileRef = 371A2F5826E9C6DC009C16A0 /* LoginController.swift */; };
		371A2F5B26E9DC0F009C16A0 /* Extensions.swift in Sources */ = {isa = PBXBuildFile; fileRef = 371A2F5A26E9DC0F009C16A0 /* Extensions.swift */; };
		375AE70526EEDCA50039AE45 /* AuthButton.swift in Sources */ = {isa = PBXBuildFile; fileRef = 375AE70426EEDCA50039AE45 /* AuthButton.swift */; };
		375AE70726EEE2900039AE45 /* GoogleService-Info.plist in Resources */ = {isa = PBXBuildFile; fileRef = 375AE70626EEE2900039AE45 /* GoogleService-Info.plist */; };
		3766C3A326EDC2E10044DE48 /* SignUpController.swift in Sources */ = {isa = PBXBuildFile; fileRef = 3766C3A226EDC2E10044DE48 /* SignUpController.swift */; };
		7205D869D604F266A47240C2 /* Pods_UberClone.framework in Frameworks */ = {isa = PBXBuildFile; fileRef = F84F4E31375D403C507C5646 /* Pods_UberClone.framework */; };
		A20D864429F477FC008F52F2 /* Serivice.swift in Sources */ = {isa = PBXBuildFile; fileRef = A20D864329F477FC008F52F2 /* Serivice.swift */; };
		A27A984629EE4EF300E39D93 /* LocationInputActivationView.swift in Sources */ = {isa = PBXBuildFile; fileRef = A27A984529EE4EF300E39D93 /* LocationInputActivationView.swift */; };
		A2A6EBB729F3ADF7001C7ED1 /* LocationCell.swift in Sources */ = {isa = PBXBuildFile; fileRef = A2A6EBB629F3ADF7001C7ED1 /* LocationCell.swift */; };
		A2F4F7C929F0FBEA009CFD41 /* LocationInputView.swift in Sources */ = {isa = PBXBuildFile; fileRef = A2F4F7C829F0FBEA009CFD41 /* LocationInputView.swift */; };
/* End PBXBuildFile section */

/* Begin PBXFileReference section */
		0F560EC0FDDD4F6E50B9503E /* Pods-UberClone.release.xcconfig */ = {isa = PBXFileReference; includeInIndex = 1; lastKnownFileType = text.xcconfig; name = "Pods-UberClone.release.xcconfig"; path = "Target Support Files/Pods-UberClone/Pods-UberClone.release.xcconfig"; sourceTree = "<group>"; };
		37124B7F26FD89AA00210341 /* GlobalFunctions.swift */ = {isa = PBXFileReference; lastKnownFileType = sourcecode.swift; path = GlobalFunctions.swift; sourceTree = "<group>"; };
		37124B8126FD939D00210341 /* HomeController.swift */ = {isa = PBXFileReference; lastKnownFileType = sourcecode.swift; path = HomeController.swift; sourceTree = "<group>"; };
		371A2F3B26E9C433009C16A0 /* UberClone.app */ = {isa = PBXFileReference; explicitFileType = wrapper.application; includeInIndex = 0; path = UberClone.app; sourceTree = BUILT_PRODUCTS_DIR; };
		371A2F3E26E9C434009C16A0 /* AppDelegate.swift */ = {isa = PBXFileReference; lastKnownFileType = sourcecode.swift; path = AppDelegate.swift; sourceTree = "<group>"; };
		371A2F4026E9C434009C16A0 /* SceneDelegate.swift */ = {isa = PBXFileReference; lastKnownFileType = sourcecode.swift; path = SceneDelegate.swift; sourceTree = "<group>"; };
		371A2F4526E9C434009C16A0 /* Base */ = {isa = PBXFileReference; lastKnownFileType = file.storyboard; name = Base; path = Base.lproj/Main.storyboard; sourceTree = "<group>"; };
		371A2F4726E9C439009C16A0 /* Assets.xcassets */ = {isa = PBXFileReference; lastKnownFileType = folder.assetcatalog; path = Assets.xcassets; sourceTree = "<group>"; };
		371A2F4A26E9C439009C16A0 /* Base */ = {isa = PBXFileReference; lastKnownFileType = file.storyboard; name = Base; path = Base.lproj/LaunchScreen.storyboard; sourceTree = "<group>"; };
		371A2F4C26E9C439009C16A0 /* Info.plist */ = {isa = PBXFileReference; lastKnownFileType = text.plist.xml; path = Info.plist; sourceTree = "<group>"; };
		371A2F5826E9C6DC009C16A0 /* LoginController.swift */ = {isa = PBXFileReference; lastKnownFileType = sourcecode.swift; path = LoginController.swift; sourceTree = "<group>"; };
		371A2F5A26E9DC0F009C16A0 /* Extensions.swift */ = {isa = PBXFileReference; lastKnownFileType = sourcecode.swift; path = Extensions.swift; sourceTree = "<group>"; };
		375AE70426EEDCA50039AE45 /* AuthButton.swift */ = {isa = PBXFileReference; lastKnownFileType = sourcecode.swift; path = AuthButton.swift; sourceTree = "<group>"; };
		375AE70626EEE2900039AE45 /* GoogleService-Info.plist */ = {isa = PBXFileReference; lastKnownFileType = text.plist; path = "GoogleService-Info.plist"; sourceTree = SOURCE_ROOT; };
		3766C3A226EDC2E10044DE48 /* SignUpController.swift */ = {isa = PBXFileReference; lastKnownFileType = sourcecode.swift; path = SignUpController.swift; sourceTree = "<group>"; };
		84384CBD06CE5737F55A800E /* Pods-UberClone.debug.xcconfig */ = {isa = PBXFileReference; includeInIndex = 1; lastKnownFileType = text.xcconfig; name = "Pods-UberClone.debug.xcconfig"; path = "Target Support Files/Pods-UberClone/Pods-UberClone.debug.xcconfig"; sourceTree = "<group>"; };
		A20D864329F477FC008F52F2 /* Serivice.swift */ = {isa = PBXFileReference; lastKnownFileType = sourcecode.swift; name = Serivice.swift; path = UberClone/View/Serivice.swift; sourceTree = SOURCE_ROOT; };
		A27A984529EE4EF300E39D93 /* LocationInputActivationView.swift */ = {isa = PBXFileReference; lastKnownFileType = sourcecode.swift; path = LocationInputActivationView.swift; sourceTree = "<group>"; };
		A2A6EBB629F3ADF7001C7ED1 /* LocationCell.swift */ = {isa = PBXFileReference; lastKnownFileType = sourcecode.swift; path = LocationCell.swift; sourceTree = "<group>"; };
		A2F4F7C829F0FBEA009CFD41 /* LocationInputView.swift */ = {isa = PBXFileReference; lastKnownFileType = sourcecode.swift; path = LocationInputView.swift; sourceTree = "<group>"; };
		F84F4E31375D403C507C5646 /* Pods_UberClone.framework */ = {isa = PBXFileReference; explicitFileType = wrapper.framework; includeInIndex = 0; path = Pods_UberClone.framework; sourceTree = BUILT_PRODUCTS_DIR; };
/* End PBXFileReference section */

/* Begin PBXFrameworksBuildPhase section */
		371A2F3826E9C433009C16A0 /* Frameworks */ = {
			isa = PBXFrameworksBuildPhase;
			buildActionMask = 2147483647;
			files = (
				7205D869D604F266A47240C2 /* Pods_UberClone.framework in Frameworks */,
			);
			runOnlyForDeploymentPostprocessing = 0;
		};
/* End PBXFrameworksBuildPhase section */

/* Begin PBXGroup section */
		31CA536B09CC6C80DD17CFE6 /* Pods */ = {
			isa = PBXGroup;
			children = (
				84384CBD06CE5737F55A800E /* Pods-UberClone.debug.xcconfig */,
				0F560EC0FDDD4F6E50B9503E /* Pods-UberClone.release.xcconfig */,
			);
			path = Pods;
			sourceTree = "<group>";
		};
		371A2F3226E9C433009C16A0 = {
			isa = PBXGroup;
			children = (
				371A2F3D26E9C433009C16A0 /* UberClone */,
				371A2F3C26E9C433009C16A0 /* Products */,
				31CA536B09CC6C80DD17CFE6 /* Pods */,
				D9CBAD927945F5E0B9B46DB3 /* Frameworks */,
			);
			sourceTree = "<group>";
		};
		371A2F3C26E9C433009C16A0 /* Products */ = {
			isa = PBXGroup;
			children = (
				371A2F3B26E9C433009C16A0 /* UberClone.app */,
			);
			name = Products;
			sourceTree = "<group>";
		};
		371A2F3D26E9C433009C16A0 /* UberClone */ = {
			isa = PBXGroup;
			children = (
				371A2F5726E9C5E3009C16A0 /* Model */,
				371A2F5626E9C5E2009C16A0 /* View */,
				371A2F5526E9C5E1009C16A0 /* Controller */,
				371A2F5426E9C5DF009C16A0 /* Services */,
				371A2F5226E9C5C5009C16A0 /* Utils */,
				371A2F3E26E9C434009C16A0 /* AppDelegate.swift */,
				371A2F4026E9C434009C16A0 /* SceneDelegate.swift */,
				371A2F4426E9C434009C16A0 /* Main.storyboard */,
				371A2F4726E9C439009C16A0 /* Assets.xcassets */,
				371A2F4926E9C439009C16A0 /* LaunchScreen.storyboard */,
				375AE70626EEE2900039AE45 /* GoogleService-Info.plist */,
				371A2F4C26E9C439009C16A0 /* Info.plist */,
			);
			path = UberClone;
			sourceTree = "<group>";
		};
		371A2F5226E9C5C5009C16A0 /* Utils */ = {
			isa = PBXGroup;
			children = (
				371A2F5A26E9DC0F009C16A0 /* Extensions.swift */,
				37124B7F26FD89AA00210341 /* GlobalFunctions.swift */,
			);
			path = Utils;
			sourceTree = "<group>";
		};
		371A2F5426E9C5DF009C16A0 /* Services */ = {
			isa = PBXGroup;
			children = (
				A20D864329F477FC008F52F2 /* Serivice.swift */,
			);
			path = Services;
			sourceTree = "<group>";
		};
		371A2F5526E9C5E1009C16A0 /* Controller */ = {
			isa = PBXGroup;
			children = (
				371A2F5826E9C6DC009C16A0 /* LoginController.swift */,
				3766C3A226EDC2E10044DE48 /* SignUpController.swift */,
				37124B8126FD939D00210341 /* HomeController.swift */,
			);
			path = Controller;
			sourceTree = "<group>";
		};
		371A2F5626E9C5E2009C16A0 /* View */ = {
			isa = PBXGroup;
			children = (
				375AE70426EEDCA50039AE45 /* AuthButton.swift */,
				A27A984529EE4EF300E39D93 /* LocationInputActivationView.swift */,
				A2F4F7C829F0FBEA009CFD41 /* LocationInputView.swift */,
				A2A6EBB629F3ADF7001C7ED1 /* LocationCell.swift */,
			);
			path = View;
			sourceTree = "<group>";
		};
		371A2F5726E9C5E3009C16A0 /* Model */ = {
			isa = PBXGroup;
			children = (
			);
			path = Model;
			sourceTree = "<group>";
		};
		D9CBAD927945F5E0B9B46DB3 /* Frameworks */ = {
			isa = PBXGroup;
			children = (
				F84F4E31375D403C507C5646 /* Pods_UberClone.framework */,
			);
			name = Frameworks;
			sourceTree = "<group>";
		};
/* End PBXGroup section */

/* Begin PBXNativeTarget section */
		371A2F3A26E9C433009C16A0 /* UberClone */ = {
			isa = PBXNativeTarget;
			buildConfigurationList = 371A2F4F26E9C439009C16A0 /* Build configuration list for PBXNativeTarget "UberClone" */;
			buildPhases = (
				8196029BD0A218DF499CFE19 /* [CP] Check Pods Manifest.lock */,
				371A2F3726E9C433009C16A0 /* Sources */,
				371A2F3826E9C433009C16A0 /* Frameworks */,
				371A2F3926E9C433009C16A0 /* Resources */,
				842EBAC0EDD13C14FB2E6399 /* [CP] Embed Pods Frameworks */,
			);
			buildRules = (
			);
			dependencies = (
			);
			name = UberClone;
			productName = UberClone;
			productReference = 371A2F3B26E9C433009C16A0 /* UberClone.app */;
			productType = "com.apple.product-type.application";
		};
/* End PBXNativeTarget section */

/* Begin PBXProject section */
		371A2F3326E9C433009C16A0 /* Project object */ = {
			isa = PBXProject;
			attributes = {
				LastSwiftUpdateCheck = 1250;
				LastUpgradeCheck = 1250;
				TargetAttributes = {
					371A2F3A26E9C433009C16A0 = {
						CreatedOnToolsVersion = 12.5.1;
					};
				};
			};
			buildConfigurationList = 371A2F3626E9C433009C16A0 /* Build configuration list for PBXProject "UberClone" */;
			compatibilityVersion = "Xcode 9.3";
			developmentRegion = en;
			hasScannedForEncodings = 0;
			knownRegions = (
				en,
				Base,
			);
			mainGroup = 371A2F3226E9C433009C16A0;
			productRefGroup = 371A2F3C26E9C433009C16A0 /* Products */;
			projectDirPath = "";
			projectRoot = "";
			targets = (
				371A2F3A26E9C433009C16A0 /* UberClone */,
			);
		};
/* End PBXProject section */

/* Begin PBXResourcesBuildPhase section */
		371A2F3926E9C433009C16A0 /* Resources */ = {
			isa = PBXResourcesBuildPhase;
			buildActionMask = 2147483647;
			files = (
				371A2F4B26E9C439009C16A0 /* LaunchScreen.storyboard in Resources */,
				375AE70726EEE2900039AE45 /* GoogleService-Info.plist in Resources */,
				371A2F4826E9C439009C16A0 /* Assets.xcassets in Resources */,
				371A2F4626E9C434009C16A0 /* Main.storyboard in Resources */,
			);
			runOnlyForDeploymentPostprocessing = 0;
		};
/* End PBXResourcesBuildPhase section */

/* Begin PBXShellScriptBuildPhase section */
		8196029BD0A218DF499CFE19 /* [CP] Check Pods Manifest.lock */ = {
			isa = PBXShellScriptBuildPhase;
			buildActionMask = 2147483647;
			files = (
			);
			inputFileListPaths = (
			);
			inputPaths = (
				"${PODS_PODFILE_DIR_PATH}/Podfile.lock",
				"${PODS_ROOT}/Manifest.lock",
			);
			name = "[CP] Check Pods Manifest.lock";
			outputFileListPaths = (
			);
			outputPaths = (
				"$(DERIVED_FILE_DIR)/Pods-UberClone-checkManifestLockResult.txt",
			);
			runOnlyForDeploymentPostprocessing = 0;
			shellPath = /bin/sh;
			shellScript = "diff \"${PODS_PODFILE_DIR_PATH}/Podfile.lock\" \"${PODS_ROOT}/Manifest.lock\" > /dev/null\nif [ $? != 0 ] ; then\n    # print error to STDERR\n    echo \"error: The sandbox is not in sync with the Podfile.lock. Run 'pod install' or update your CocoaPods installation.\" >&2\n    exit 1\nfi\n# This output is used by Xcode 'outputs' to avoid re-running this script phase.\necho \"SUCCESS\" > \"${SCRIPT_OUTPUT_FILE_0}\"\n";
			showEnvVarsInLog = 0;
		};
		842EBAC0EDD13C14FB2E6399 /* [CP] Embed Pods Frameworks */ = {
			isa = PBXShellScriptBuildPhase;
			buildActionMask = 2147483647;
			files = (
			);
			inputFileListPaths = (
				"${PODS_ROOT}/Target Support Files/Pods-UberClone/Pods-UberClone-frameworks-${CONFIGURATION}-input-files.xcfilelist",
			);
			name = "[CP] Embed Pods Frameworks";
			outputFileListPaths = (
				"${PODS_ROOT}/Target Support Files/Pods-UberClone/Pods-UberClone-frameworks-${CONFIGURATION}-output-files.xcfilelist",
			);
			runOnlyForDeploymentPostprocessing = 0;
			shellPath = /bin/sh;
			shellScript = "\"${PODS_ROOT}/Target Support Files/Pods-UberClone/Pods-UberClone-frameworks.sh\"\n";
			showEnvVarsInLog = 0;
		};
/* End PBXShellScriptBuildPhase section */

/* Begin PBXSourcesBuildPhase section */
		371A2F3726E9C433009C16A0 /* Sources */ = {
			isa = PBXSourcesBuildPhase;
			buildActionMask = 2147483647;
			files = (
				A2A6EBB729F3ADF7001C7ED1 /* LocationCell.swift in Sources */,
				3766C3A326EDC2E10044DE48 /* SignUpController.swift in Sources */,
				375AE70526EEDCA50039AE45 /* AuthButton.swift in Sources */,
				A20D864429F477FC008F52F2 /* Serivice.swift in Sources */,
				37124B8026FD89AA00210341 /* GlobalFunctions.swift in Sources */,
				371A2F3F26E9C434009C16A0 /* AppDelegate.swift in Sources */,
				A2F4F7C929F0FBEA009CFD41 /* LocationInputView.swift in Sources */,
				A27A984629EE4EF300E39D93 /* LocationInputActivationView.swift in Sources */,
				37124B8226FD939D00210341 /* HomeController.swift in Sources */,
				371A2F5926E9C6DC009C16A0 /* LoginController.swift in Sources */,
				371A2F4126E9C434009C16A0 /* SceneDelegate.swift in Sources */,
				371A2F5B26E9DC0F009C16A0 /* Extensions.swift in Sources */,
			);
			runOnlyForDeploymentPostprocessing = 0;
		};
/* End PBXSourcesBuildPhase section */

/* Begin PBXVariantGroup section */
		371A2F4426E9C434009C16A0 /* Main.storyboard */ = {
			isa = PBXVariantGroup;
			children = (
				371A2F4526E9C434009C16A0 /* Base */,
			);
			name = Main.storyboard;
			sourceTree = "<group>";
		};
		371A2F4926E9C439009C16A0 /* LaunchScreen.storyboard */ = {
			isa = PBXVariantGroup;
			children = (
				371A2F4A26E9C439009C16A0 /* Base */,
			);
			name = LaunchScreen.storyboard;
			sourceTree = "<group>";
		};
/* End PBXVariantGroup section */

/* Begin XCBuildConfiguration section */
		371A2F4D26E9C439009C16A0 /* Debug */ = {
			isa = XCBuildConfiguration;
			buildSettings = {
				ALWAYS_SEARCH_USER_PATHS = NO;
				CLANG_ANALYZER_NONNULL = YES;
				CLANG_ANALYZER_NUMBER_OBJECT_CONVERSION = YES_AGGRESSIVE;
				CLANG_CXX_LANGUAGE_STANDARD = "gnu++14";
				CLANG_CXX_LIBRARY = "libc++";
				CLANG_ENABLE_MODULES = YES;
				CLANG_ENABLE_OBJC_ARC = YES;
				CLANG_ENABLE_OBJC_WEAK = YES;
				CLANG_WARN_BLOCK_CAPTURE_AUTORELEASING = YES;
				CLANG_WARN_BOOL_CONVERSION = YES;
				CLANG_WARN_COMMA = YES;
				CLANG_WARN_CONSTANT_CONVERSION = YES;
				CLANG_WARN_DEPRECATED_OBJC_IMPLEMENTATIONS = YES;
				CLANG_WARN_DIRECT_OBJC_ISA_USAGE = YES_ERROR;
				CLANG_WARN_DOCUMENTATION_COMMENTS = YES;
				CLANG_WARN_EMPTY_BODY = YES;
				CLANG_WARN_ENUM_CONVERSION = YES;
				CLANG_WARN_INFINITE_RECURSION = YES;
				CLANG_WARN_INT_CONVERSION = YES;
				CLANG_WARN_NON_LITERAL_NULL_CONVERSION = YES;
				CLANG_WARN_OBJC_IMPLICIT_RETAIN_SELF = YES;
				CLANG_WARN_OBJC_LITERAL_CONVERSION = YES;
				CLANG_WARN_OBJC_ROOT_CLASS = YES_ERROR;
				CLANG_WARN_QUOTED_INCLUDE_IN_FRAMEWORK_HEADER = YES;
				CLANG_WARN_RANGE_LOOP_ANALYSIS = YES;
				CLANG_WARN_STRICT_PROTOTYPES = YES;
				CLANG_WARN_SUSPICIOUS_MOVE = YES;
				CLANG_WARN_UNGUARDED_AVAILABILITY = YES_AGGRESSIVE;
				CLANG_WARN_UNREACHABLE_CODE = YES;
				CLANG_WARN__DUPLICATE_METHOD_MATCH = YES;
				COPY_PHASE_STRIP = NO;
				DEBUG_INFORMATION_FORMAT = dwarf;
				ENABLE_STRICT_OBJC_MSGSEND = YES;
				ENABLE_TESTABILITY = YES;
				GCC_C_LANGUAGE_STANDARD = gnu11;
				GCC_DYNAMIC_NO_PIC = NO;
				GCC_NO_COMMON_BLOCKS = YES;
				GCC_OPTIMIZATION_LEVEL = 0;
				GCC_PREPROCESSOR_DEFINITIONS = (
					"DEBUG=1",
					"$(inherited)",
				);
				GCC_WARN_64_TO_32_BIT_CONVERSION = YES;
				GCC_WARN_ABOUT_RETURN_TYPE = YES_ERROR;
				GCC_WARN_UNDECLARED_SELECTOR = YES;
				GCC_WARN_UNINITIALIZED_AUTOS = YES_AGGRESSIVE;
				GCC_WARN_UNUSED_FUNCTION = YES;
				GCC_WARN_UNUSED_VARIABLE = YES;
				IPHONEOS_DEPLOYMENT_TARGET = 14.5;
				MTL_ENABLE_DEBUG_INFO = INCLUDE_SOURCE;
				MTL_FAST_MATH = YES;
				ONLY_ACTIVE_ARCH = YES;
				SDKROOT = iphoneos;
				SWIFT_ACTIVE_COMPILATION_CONDITIONS = DEBUG;
				SWIFT_OPTIMIZATION_LEVEL = "-Onone";
			};
			name = Debug;
		};
		371A2F4E26E9C439009C16A0 /* Release */ = {
			isa = XCBuildConfiguration;
			buildSettings = {
				ALWAYS_SEARCH_USER_PATHS = NO;
				CLANG_ANALYZER_NONNULL = YES;
				CLANG_ANALYZER_NUMBER_OBJECT_CONVERSION = YES_AGGRESSIVE;
				CLANG_CXX_LANGUAGE_STANDARD = "gnu++14";
				CLANG_CXX_LIBRARY = "libc++";
				CLANG_ENABLE_MODULES = YES;
				CLANG_ENABLE_OBJC_ARC = YES;
				CLANG_ENABLE_OBJC_WEAK = YES;
				CLANG_WARN_BLOCK_CAPTURE_AUTORELEASING = YES;
				CLANG_WARN_BOOL_CONVERSION = YES;
				CLANG_WARN_COMMA = YES;
				CLANG_WARN_CONSTANT_CONVERSION = YES;
				CLANG_WARN_DEPRECATED_OBJC_IMPLEMENTATIONS = YES;
				CLANG_WARN_DIRECT_OBJC_ISA_USAGE = YES_ERROR;
				CLANG_WARN_DOCUMENTATION_COMMENTS = YES;
				CLANG_WARN_EMPTY_BODY = YES;
				CLANG_WARN_ENUM_CONVERSION = YES;
				CLANG_WARN_INFINITE_RECURSION = YES;
				CLANG_WARN_INT_CONVERSION = YES;
				CLANG_WARN_NON_LITERAL_NULL_CONVERSION = YES;
				CLANG_WARN_OBJC_IMPLICIT_RETAIN_SELF = YES;
				CLANG_WARN_OBJC_LITERAL_CONVERSION = YES;
				CLANG_WARN_OBJC_ROOT_CLASS = YES_ERROR;
				CLANG_WARN_QUOTED_INCLUDE_IN_FRAMEWORK_HEADER = YES;
				CLANG_WARN_RANGE_LOOP_ANALYSIS = YES;
				CLANG_WARN_STRICT_PROTOTYPES = YES;
				CLANG_WARN_SUSPICIOUS_MOVE = YES;
				CLANG_WARN_UNGUARDED_AVAILABILITY = YES_AGGRESSIVE;
				CLANG_WARN_UNREACHABLE_CODE = YES;
				CLANG_WARN__DUPLICATE_METHOD_MATCH = YES;
				COPY_PHASE_STRIP = NO;
				DEBUG_INFORMATION_FORMAT = "dwarf-with-dsym";
				ENABLE_NS_ASSERTIONS = NO;
				ENABLE_STRICT_OBJC_MSGSEND = YES;
				GCC_C_LANGUAGE_STANDARD = gnu11;
				GCC_NO_COMMON_BLOCKS = YES;
				GCC_WARN_64_TO_32_BIT_CONVERSION = YES;
				GCC_WARN_ABOUT_RETURN_TYPE = YES_ERROR;
				GCC_WARN_UNDECLARED_SELECTOR = YES;
				GCC_WARN_UNINITIALIZED_AUTOS = YES_AGGRESSIVE;
				GCC_WARN_UNUSED_FUNCTION = YES;
				GCC_WARN_UNUSED_VARIABLE = YES;
				IPHONEOS_DEPLOYMENT_TARGET = 14.5;
				MTL_ENABLE_DEBUG_INFO = NO;
				MTL_FAST_MATH = YES;
				SDKROOT = iphoneos;
				SWIFT_COMPILATION_MODE = wholemodule;
				SWIFT_OPTIMIZATION_LEVEL = "-O";
				VALIDATE_PRODUCT = YES;
			};
			name = Release;
		};
		371A2F5026E9C439009C16A0 /* Debug */ = {
			isa = XCBuildConfiguration;
			baseConfigurationReference = 84384CBD06CE5737F55A800E /* Pods-UberClone.debug.xcconfig */;
			buildSettings = {
				ASSETCATALOG_COMPILER_APPICON_NAME = AppIcon;
				ASSETCATALOG_COMPILER_GLOBAL_ACCENT_COLOR_NAME = AccentColor;
				CODE_SIGN_STYLE = Automatic;
				DEVELOPMENT_TEAM = 8VUPJLK9PY;
				INFOPLIST_FILE = UberClone/Info.plist;
				LD_RUNPATH_SEARCH_PATHS = (
					"$(inherited)",
					"@executable_path/Frameworks",
				);
				PRODUCT_BUNDLE_IDENTIFIER = cezsmartz.UberClone;
				PRODUCT_NAME = "$(TARGET_NAME)";
				SWIFT_VERSION = 5.0;
				TARGETED_DEVICE_FAMILY = "1,2";
			};
			name = Debug;
		};
		371A2F5126E9C439009C16A0 /* Release */ = {
			isa = XCBuildConfiguration;
			baseConfigurationReference = 0F560EC0FDDD4F6E50B9503E /* Pods-UberClone.release.xcconfig */;
			buildSettings = {
				ASSETCATALOG_COMPILER_APPICON_NAME = AppIcon;
				ASSETCATALOG_COMPILER_GLOBAL_ACCENT_COLOR_NAME = AccentColor;
				CODE_SIGN_STYLE = Automatic;
				DEVELOPMENT_TEAM = 8VUPJLK9PY;
				INFOPLIST_FILE = UberClone/Info.plist;
				LD_RUNPATH_SEARCH_PATHS = (
					"$(inherited)",
					"@executable_path/Frameworks",
				);
				PRODUCT_BUNDLE_IDENTIFIER = cezsmartz.UberClone;
				PRODUCT_NAME = "$(TARGET_NAME)";
				SWIFT_VERSION = 5.0;
				TARGETED_DEVICE_FAMILY = "1,2";
			};
			name = Release;
		};
/* End XCBuildConfiguration section */

/* Begin XCConfigurationList section */
		371A2F3626E9C433009C16A0 /* Build configuration list for PBXProject "UberClone" */ = {
			isa = XCConfigurationList;
			buildConfigurations = (
				371A2F4D26E9C439009C16A0 /* Debug */,
				371A2F4E26E9C439009C16A0 /* Release */,
			);
			defaultConfigurationIsVisible = 0;
			defaultConfigurationName = Release;
		};
		371A2F4F26E9C439009C16A0 /* Build configuration list for PBXNativeTarget "UberClone" */ = {
			isa = XCConfigurationList;
			buildConfigurations = (
				371A2F5026E9C439009C16A0 /* Debug */,
				371A2F5126E9C439009C16A0 /* Release */,
			);
			defaultConfigurationIsVisible = 0;
			defaultConfigurationName = Release;
		};
/* End XCConfigurationList section */
	};
	rootObject = 371A2F3326E9C433009C16A0 /* Project object */;
}
